
Microsoft Visual Studio Solution File, Format Version 12.00
# Visual Studio Version 17
VisualStudioVersion = 17.8.34511.84
MinimumVisualStudioVersion = 10.0.40219.1
Project("{FAE04EC0-301F-11D3-BF4B-00C04F79EFBC}") = "InterfacilityGatewayASPNET", "InterfacilityGatewayASPNET\InterfacilityGatewayASPNET.csproj", "{877CF27E-4F1F-4ED4-9CDB-25E2878C5438}"
EndProject
Global
	GlobalSection(SolutionConfigurationPlatforms) = preSolution
		Debug|Any CPU = Debug|Any CPU
		Release|Any CPU = Release|Any CPU
	EndGlobalSection
	GlobalSection(ProjectConfigurationPlatforms) = postSolution
		{877CF27E-4F1F-4ED4-9CDB-25E2878C5438}.Debug|Any CPU.ActiveCfg = Debug|Any CPU
		{877CF27E-4F1F-4ED4-9CDB-25E2878C5438}.Debug|Any CPU.Build.0 = Debug|Any CPU
		{877CF27E-4F1F-4ED4-9CDB-25E2878C5438}.Release|Any CPU.ActiveCfg = Release|Any CPU
		{877CF27E-4F1F-4ED4-9CDB-25E2878C5438}.Release|Any CPU.Build.0 = Release|Any CPU
	EndGlobalSection
	GlobalSection(SolutionProperties) = preSolution
		HideSolutionNode = FALSE
	EndGlobalSection
	GlobalSection(ExtensibilityGlobals) = postSolution
		SolutionGuid = {8258AC77-44D1-409E-B25C-6DF1EA1E3305}
	EndGlobalSection
EndGlobal
